
Microsoft Visual Studio Solution File, Format Version 12.00
# Visual Studio 14
VisualStudioVersion = 14.0.25123.0
MinimumVisualStudioVersion = 10.0.40219.1
Project("{FAE04EC0-301F-11D3-BF4B-00C04F79EFBC}") = "log4net.Kafka", "log4net.Kafka\log4net.Kafka.csproj", "{ECAD735B-E4D0-479A-B9AB-1F162F192C33}"
EndProject
Project("{FAE04EC0-301F-11D3-BF4B-00C04F79EFBC}") = "log4net.Kafka.Console", "log4net.Kafka.Console\log4net.Kafka.Console.csproj", "{A48D283C-DF4E-4295-A5CF-EB04DED2E972}"
EndProject
Global
	GlobalSection(SolutionConfigurationPlatforms) = preSolution
		Debug|Any CPU = Debug|Any CPU
		Release|Any CPU = Release|Any CPU
	EndGlobalSection
	GlobalSection(ProjectConfigurationPlatforms) = postSolution
		{ECAD735B-E4D0-479A-B9AB-1F162F192C33}.Debug|Any CPU.ActiveCfg = Debug|Any CPU
		{ECAD735B-E4D0-479A-B9AB-1F162F192C33}.Debug|Any CPU.Build.0 = Debug|Any CPU
		{ECAD735B-E4D0-479A-B9AB-1F162F192C33}.Release|Any CPU.ActiveCfg = Release|Any CPU
		{ECAD735B-E4D0-479A-B9AB-1F162F192C33}.Release|Any CPU.Build.0 = Release|Any CPU
		{A48D283C-DF4E-4295-A5CF-EB04DED2E972}.Debug|Any CPU.ActiveCfg = Debug|Any CPU
		{A48D283C-DF4E-4295-A5CF-EB04DED2E972}.Debug|Any CPU.Build.0 = Debug|Any CPU
		{A48D283C-DF4E-4295-A5CF-EB04DED2E972}.Release|Any CPU.ActiveCfg = Release|Any CPU
		{A48D283C-DF4E-4295-A5CF-EB04DED2E972}.Release|Any CPU.Build.0 = Release|Any CPU
	EndGlobalSection
	GlobalSection(SolutionProperties) = preSolution
		HideSolutionNode = FALSE
	EndGlobalSection
EndGlobal
